
Microsoft Visual Studio Solution File, Format Version 12.00
# Visual Studio Version 17
VisualStudioVersion = 17.1.32421.90
MinimumVisualStudioVersion = 10.0.40219.1
Project("{9A19103F-16F7-4668-BE54-9A1E7A4F7556}") = "TodoApi0611", "TodoApi0611\TodoApi0611.csproj", "{241A4E32-4F5A-4292-B248-FC8F84C10E92}"
EndProject
Project("{FAE04EC0-301F-11D3-BF4B-00C04F79EFBC}") = "TestTask", "TestTask\TestTask.csproj", "{D4AC4D8E-83B1-4760-9DA3-7CB686DBB944}"
EndProject
Global
	GlobalSection(SolutionConfigurationPlatforms) = preSolution
		Debug|Any CPU = Debug|Any CPU
		Release|Any CPU = Release|Any CPU
	EndGlobalSection
	GlobalSection(ProjectConfigurationPlatforms) = postSolution
		{241A4E32-4F5A-4292-B248-FC8F84C10E92}.Debug|Any CPU.ActiveCfg = Debug|Any CPU
		{241A4E32-4F5A-4292-B248-FC8F84C10E92}.Debug|Any CPU.Build.0 = Debug|Any CPU
		{241A4E32-4F5A-4292-B248-FC8F84C10E92}.Release|Any CPU.ActiveCfg = Release|Any CPU
		{241A4E32-4F5A-4292-B248-FC8F84C10E92}.Release|Any CPU.Build.0 = Release|Any CPU
		{D4AC4D8E-83B1-4760-9DA3-7CB686DBB944}.Debug|Any CPU.ActiveCfg = Debug|Any CPU
		{D4AC4D8E-83B1-4760-9DA3-7CB686DBB944}.Debug|Any CPU.Build.0 = Debug|Any CPU
		{D4AC4D8E-83B1-4760-9DA3-7CB686DBB944}.Release|Any CPU.ActiveCfg = Release|Any CPU
		{D4AC4D8E-83B1-4760-9DA3-7CB686DBB944}.Release|Any CPU.Build.0 = Release|Any CPU
	EndGlobalSection
	GlobalSection(SolutionProperties) = preSolution
		HideSolutionNode = FALSE
	EndGlobalSection
	GlobalSection(ExtensibilityGlobals) = postSolution
		SolutionGuid = {F49BD509-8C8E-4F7F-80F5-0045EFBB7E39}
	EndGlobalSection
EndGlobal
